
Microsoft Visual Studio Solution File, Format Version 12.00
# Visual Studio 15
VisualStudioVersion = 15.0.27130.2027
MinimumVisualStudioVersion = 10.0.40219.1
Project("{9A19103F-16F7-4668-BE54-9A1E7A4F7556}") = ".build", "..\build\.build.csproj", "{E1FC11C8-3964-45D5-8ACB-BD41AF554666}"
EndProject
Project("{9A19103F-16F7-4668-BE54-9A1E7A4F7556}") = "EasyBrailleEdit", "EasyBrailleEdit\EasyBrailleEdit.csproj", "{F6958A80-A3DF-4441-8B2D-1722ADD4B6DD}"
EndProject
Project("{9A19103F-16F7-4668-BE54-9A1E7A4F7556}") = "Txt2Brl", "Txt2Brl\Txt2Brl.csproj", "{FFAC9544-90F3-4441-B776-24FAF4F325BE}"
EndProject
Project("{2150E333-8FDC-42A3-9474-1A3956D46DE8}") = ".nuget", ".nuget", "{0DA263BB-D722-4597-8AF6-9110F9B20998}"
	ProjectSection(SolutionItems) = preProject
		.nuget\NuGet.Config = .nuget\NuGet.Config
		.nuget\NuGet.exe = .nuget\NuGet.exe
		.nuget\NuGet.targets = .nuget\NuGet.targets
	EndProjectSection
EndProject
Project("{2150E333-8FDC-42A3-9474-1A3956D46DE8}") = "doc", "doc", "{CECA7BC5-3A2D-474F-9478-D37863ADD2ED}"
	ProjectSection(SolutionItems) = preProject
		ReadMe\AutoUpdater.md = ReadMe\AutoUpdater.md
		ReadMe\ChangeLog.txt = ReadMe\ChangeLog.txt
		ReadMe\ReleaseNote.txt = ReadMe\ReleaseNote.txt
	EndProjectSection
EndProject
Project("{2150E333-8FDC-42A3-9474-1A3956D46DE8}") = "HuanlinLib", "HuanlinLib", "{5A304C62-4D01-48EF-860F-B22D7C6B665B}"
EndProject
Project("{2150E333-8FDC-42A3-9474-1A3956D46DE8}") = "tests", "tests", "{564D6238-5E27-47A8-82F8-5E924565757A}"
EndProject
Project("{9A19103F-16F7-4668-BE54-9A1E7A4F7556}") = "Huanlin.Common", "HuanlinLib\src\Huanlin.Common\Huanlin.Common.csproj", "{BABD85E6-CFDB-4CF9-AFFF-4AC85EA159F9}"
EndProject
Project("{9A19103F-16F7-4668-BE54-9A1E7A4F7556}") = "Huanlin.Windows", "HuanlinLib\src\Huanlin.Windows\Huanlin.Windows.csproj", "{65E0BFA7-C86C-4A5B-A37A-084C2B3BAFB2}"
EndProject
Project("{2150E333-8FDC-42A3-9474-1A3956D46DE8}") = "UpdateFiles", "UpdateFiles", "{3B090672-873A-453F-8F76-3C784E0C893C}"
	ProjectSection(SolutionItems) = preProject
		..\UpdateFiles\Update.txt = ..\UpdateFiles\Update.txt
	EndProjectSection
EndProject
Project("{9A19103F-16F7-4668-BE54-9A1E7A4F7556}") = "BrailleToolkit", "BrailleToolkit\BrailleToolkit.csproj", "{34A66B1A-70F1-4BE9-AE58-885E6C27E58E}"
EndProject
Project("{FAE04EC0-301F-11D3-BF4B-00C04F79EFBC}") = "Test.BrailleToolkit", "..\Tests\Test.BrailleKit\Test.BrailleToolkit.csproj", "{A67E0D18-8A3D-4A47-9A34-17A280EF7508}"
EndProject
Project("{FAE04EC0-301F-11D3-BF4B-00C04F79EFBC}") = "EasyBrailleEdit.Common", "EasyBrailleEdit.Common\EasyBrailleEdit.Common.csproj", "{AA5CB6BC-CE6C-4132-B932-32B646584921}"
EndProject
Global
	GlobalSection(SolutionConfigurationPlatforms) = preSolution
		Debug|Any CPU = Debug|Any CPU
		Debug|x64 = Debug|x64
		Debug|x86 = Debug|x86
		Release|Any CPU = Release|Any CPU
		Release|x64 = Release|x64
		Release|x86 = Release|x86
	EndGlobalSection
	GlobalSection(ProjectConfigurationPlatforms) = postSolution
		{E1FC11C8-3964-45D5-8ACB-BD41AF554666}.Debug|Any CPU.ActiveCfg = Debug|Any CPU
		{E1FC11C8-3964-45D5-8ACB-BD41AF554666}.Debug|x64.ActiveCfg = Debug|Any CPU
		{E1FC11C8-3964-45D5-8ACB-BD41AF554666}.Debug|x64.Build.0 = Debug|Any CPU
		{E1FC11C8-3964-45D5-8ACB-BD41AF554666}.Debug|x86.ActiveCfg = Debug|Any CPU
		{E1FC11C8-3964-45D5-8ACB-BD41AF554666}.Debug|x86.Build.0 = Debug|Any CPU
		{E1FC11C8-3964-45D5-8ACB-BD41AF554666}.Release|Any CPU.ActiveCfg = Release|Any CPU
		{E1FC11C8-3964-45D5-8ACB-BD41AF554666}.Release|x64.ActiveCfg = Release|Any CPU
		{E1FC11C8-3964-45D5-8ACB-BD41AF554666}.Release|x64.Build.0 = Release|Any CPU
		{E1FC11C8-3964-45D5-8ACB-BD41AF554666}.Release|x86.ActiveCfg = Release|Any CPU
		{E1FC11C8-3964-45D5-8ACB-BD41AF554666}.Release|x86.Build.0 = Release|Any CPU
		{F6958A80-A3DF-4441-8B2D-1722ADD4B6DD}.Debug|Any CPU.ActiveCfg = Debug|Any CPU
		{F6958A80-A3DF-4441-8B2D-1722ADD4B6DD}.Debug|Any CPU.Build.0 = Debug|Any CPU
		{F6958A80-A3DF-4441-8B2D-1722ADD4B6DD}.Debug|x64.ActiveCfg = Debug|Any CPU
		{F6958A80-A3DF-4441-8B2D-1722ADD4B6DD}.Debug|x64.Build.0 = Debug|Any CPU
		{F6958A80-A3DF-4441-8B2D-1722ADD4B6DD}.Debug|x86.ActiveCfg = Debug|Any CPU
		{F6958A80-A3DF-4441-8B2D-1722ADD4B6DD}.Debug|x86.Build.0 = Debug|Any CPU
		{F6958A80-A3DF-4441-8B2D-1722ADD4B6DD}.Release|Any CPU.ActiveCfg = Release|Any CPU
		{F6958A80-A3DF-4441-8B2D-1722ADD4B6DD}.Release|Any CPU.Build.0 = Release|Any CPU
		{F6958A80-A3DF-4441-8B2D-1722ADD4B6DD}.Release|x64.ActiveCfg = Release|Any CPU
		{F6958A80-A3DF-4441-8B2D-1722ADD4B6DD}.Release|x86.ActiveCfg = Release|Any CPU
		{F6958A80-A3DF-4441-8B2D-1722ADD4B6DD}.Release|x86.Build.0 = Release|Any CPU
		{FFAC9544-90F3-4441-B776-24FAF4F325BE}.Debug|Any CPU.ActiveCfg = Debug|Any CPU
		{FFAC9544-90F3-4441-B776-24FAF4F325BE}.Debug|Any CPU.Build.0 = Debug|Any CPU
		{FFAC9544-90F3-4441-B776-24FAF4F325BE}.Debug|x64.ActiveCfg = Debug|Any CPU
		{FFAC9544-90F3-4441-B776-24FAF4F325BE}.Debug|x64.Build.0 = Debug|Any CPU
		{FFAC9544-90F3-4441-B776-24FAF4F325BE}.Debug|x86.ActiveCfg = Debug|Any CPU
		{FFAC9544-90F3-4441-B776-24FAF4F325BE}.Debug|x86.Build.0 = Debug|Any CPU
		{FFAC9544-90F3-4441-B776-24FAF4F325BE}.Release|Any CPU.ActiveCfg = Release|Any CPU
		{FFAC9544-90F3-4441-B776-24FAF4F325BE}.Release|Any CPU.Build.0 = Release|Any CPU
		{FFAC9544-90F3-4441-B776-24FAF4F325BE}.Release|x64.ActiveCfg = Release|Any CPU
		{FFAC9544-90F3-4441-B776-24FAF4F325BE}.Release|x86.ActiveCfg = Release|Any CPU
		{FFAC9544-90F3-4441-B776-24FAF4F325BE}.Release|x86.Build.0 = Release|Any CPU
		{BABD85E6-CFDB-4CF9-AFFF-4AC85EA159F9}.Debug|Any CPU.ActiveCfg = Debug|Any CPU
		{BABD85E6-CFDB-4CF9-AFFF-4AC85EA159F9}.Debug|Any CPU.Build.0 = Debug|Any CPU
		{BABD85E6-CFDB-4CF9-AFFF-4AC85EA159F9}.Debug|x64.ActiveCfg = Debug|Any CPU
		{BABD85E6-CFDB-4CF9-AFFF-4AC85EA159F9}.Debug|x64.Build.0 = Debug|Any CPU
		{BABD85E6-CFDB-4CF9-AFFF-4AC85EA159F9}.Debug|x86.ActiveCfg = Debug|Any CPU
		{BABD85E6-CFDB-4CF9-AFFF-4AC85EA159F9}.Debug|x86.Build.0 = Debug|Any CPU
		{BABD85E6-CFDB-4CF9-AFFF-4AC85EA159F9}.Release|Any CPU.ActiveCfg = Release|Any CPU
		{BABD85E6-CFDB-4CF9-AFFF-4AC85EA159F9}.Release|Any CPU.Build.0 = Release|Any CPU
		{BABD85E6-CFDB-4CF9-AFFF-4AC85EA159F9}.Release|x64.ActiveCfg = Release|Any CPU
		{BABD85E6-CFDB-4CF9-AFFF-4AC85EA159F9}.Release|x64.Build.0 = Release|Any CPU
		{BABD85E6-CFDB-4CF9-AFFF-4AC85EA159F9}.Release|x86.ActiveCfg = Release|Any CPU
		{BABD85E6-CFDB-4CF9-AFFF-4AC85EA159F9}.Release|x86.Build.0 = Release|Any CPU
		{65E0BFA7-C86C-4A5B-A37A-084C2B3BAFB2}.Debug|Any CPU.ActiveCfg = Debug|Any CPU
		{65E0BFA7-C86C-4A5B-A37A-084C2B3BAFB2}.Debug|Any CPU.Build.0 = Debug|Any CPU
		{65E0BFA7-C86C-4A5B-A37A-084C2B3BAFB2}.Debug|x64.ActiveCfg = Debug|Any CPU
		{65E0BFA7-C86C-4A5B-A37A-084C2B3BAFB2}.Debug|x64.Build.0 = Debug|Any CPU
		{65E0BFA7-C86C-4A5B-A37A-084C2B3BAFB2}.Debug|x86.ActiveCfg = Debug|Any CPU
		{65E0BFA7-C86C-4A5B-A37A-084C2B3BAFB2}.Debug|x86.Build.0 = Debug|Any CPU
		{65E0BFA7-C86C-4A5B-A37A-084C2B3BAFB2}.Release|Any CPU.ActiveCfg = Release|Any CPU
		{65E0BFA7-C86C-4A5B-A37A-084C2B3BAFB2}.Release|Any CPU.Build.0 = Release|Any CPU
		{65E0BFA7-C86C-4A5B-A37A-084C2B3BAFB2}.Release|x64.ActiveCfg = Release|Any CPU
		{65E0BFA7-C86C-4A5B-A37A-084C2B3BAFB2}.Release|x64.Build.0 = Release|Any CPU
		{65E0BFA7-C86C-4A5B-A37A-084C2B3BAFB2}.Release|x86.ActiveCfg = Release|Any CPU
		{65E0BFA7-C86C-4A5B-A37A-084C2B3BAFB2}.Release|x86.Build.0 = Release|Any CPU
		{34A66B1A-70F1-4BE9-AE58-885E6C27E58E}.Debug|Any CPU.ActiveCfg = Debug|Any CPU
		{34A66B1A-70F1-4BE9-AE58-885E6C27E58E}.Debug|Any CPU.Build.0 = Debug|Any CPU
		{34A66B1A-70F1-4BE9-AE58-885E6C27E58E}.Debug|x64.ActiveCfg = Debug|Any CPU
		{34A66B1A-70F1-4BE9-AE58-885E6C27E58E}.Debug|x64.Build.0 = Debug|Any CPU
		{34A66B1A-70F1-4BE9-AE58-885E6C27E58E}.Debug|x86.ActiveCfg = Debug|Any CPU
		{34A66B1A-70F1-4BE9-AE58-885E6C27E58E}.Debug|x86.Build.0 = Debug|Any CPU
		{34A66B1A-70F1-4BE9-AE58-885E6C27E58E}.Release|Any CPU.ActiveCfg = Release|Any CPU
		{34A66B1A-70F1-4BE9-AE58-885E6C27E58E}.Release|Any CPU.Build.0 = Release|Any CPU
		{34A66B1A-70F1-4BE9-AE58-885E6C27E58E}.Release|x64.ActiveCfg = Release|Any CPU
		{34A66B1A-70F1-4BE9-AE58-885E6C27E58E}.Release|x64.Build.0 = Release|Any CPU
		{34A66B1A-70F1-4BE9-AE58-885E6C27E58E}.Release|x86.ActiveCfg = Release|Any CPU
		{34A66B1A-70F1-4BE9-AE58-885E6C27E58E}.Release|x86.Build.0 = Release|Any CPU
		{A67E0D18-8A3D-4A47-9A34-17A280EF7508}.Debug|Any CPU.ActiveCfg = Debug|Any CPU
		{A67E0D18-8A3D-4A47-9A34-17A280EF7508}.Debug|Any CPU.Build.0 = Debug|Any CPU
		{A67E0D18-8A3D-4A47-9A34-17A280EF7508}.Debug|x64.ActiveCfg = Debug|Any CPU
		{A67E0D18-8A3D-4A47-9A34-17A280EF7508}.Debug|x64.Build.0 = Debug|Any CPU
		{A67E0D18-8A3D-4A47-9A34-17A280EF7508}.Debug|x86.ActiveCfg = Debug|Any CPU
		{A67E0D18-8A3D-4A47-9A34-17A280EF7508}.Debug|x86.Build.0 = Debug|Any CPU
		{A67E0D18-8A3D-4A47-9A34-17A280EF7508}.Release|Any CPU.ActiveCfg = Release|Any CPU
		{A67E0D18-8A3D-4A47-9A34-17A280EF7508}.Release|Any CPU.Build.0 = Release|Any CPU
		{A67E0D18-8A3D-4A47-9A34-17A280EF7508}.Release|x64.ActiveCfg = Release|Any CPU
		{A67E0D18-8A3D-4A47-9A34-17A280EF7508}.Release|x64.Build.0 = Release|Any CPU
		{A67E0D18-8A3D-4A47-9A34-17A280EF7508}.Release|x86.ActiveCfg = Release|Any CPU
		{A67E0D18-8A3D-4A47-9A34-17A280EF7508}.Release|x86.Build.0 = Release|Any CPU
		{AA5CB6BC-CE6C-4132-B932-32B646584921}.Debug|Any CPU.ActiveCfg = Debug|Any CPU
		{AA5CB6BC-CE6C-4132-B932-32B646584921}.Debug|Any CPU.Build.0 = Debug|Any CPU
		{AA5CB6BC-CE6C-4132-B932-32B646584921}.Debug|x64.ActiveCfg = Debug|Any CPU
		{AA5CB6BC-CE6C-4132-B932-32B646584921}.Debug|x64.Build.0 = Debug|Any CPU
		{AA5CB6BC-CE6C-4132-B932-32B646584921}.Debug|x86.ActiveCfg = Debug|Any CPU
		{AA5CB6BC-CE6C-4132-B932-32B646584921}.Debug|x86.Build.0 = Debug|Any CPU
		{AA5CB6BC-CE6C-4132-B932-32B646584921}.Release|Any CPU.ActiveCfg = Release|Any CPU
		{AA5CB6BC-CE6C-4132-B932-32B646584921}.Release|Any CPU.Build.0 = Release|Any CPU
		{AA5CB6BC-CE6C-4132-B932-32B646584921}.Release|x64.ActiveCfg = Release|Any CPU
		{AA5CB6BC-CE6C-4132-B932-32B646584921}.Release|x64.Build.0 = Release|Any CPU
		{AA5CB6BC-CE6C-4132-B932-32B646584921}.Release|x86.ActiveCfg = Release|Any CPU
		{AA5CB6BC-CE6C-4132-B932-32B646584921}.Release|x86.Build.0 = Release|Any CPU
	EndGlobalSection
	GlobalSection(SolutionProperties) = preSolution
		HideSolutionNode = FALSE
	EndGlobalSection
	GlobalSection(NestedProjects) = preSolution
		{BABD85E6-CFDB-4CF9-AFFF-4AC85EA159F9} = {5A304C62-4D01-48EF-860F-B22D7C6B665B}
		{65E0BFA7-C86C-4A5B-A37A-084C2B3BAFB2} = {5A304C62-4D01-48EF-860F-B22D7C6B665B}
		{A67E0D18-8A3D-4A47-9A34-17A280EF7508} = {564D6238-5E27-47A8-82F8-5E924565757A}
	EndGlobalSection
	GlobalSection(ExtensibilityGlobals) = postSolution
		SolutionGuid = {64A80D6E-27C3-4C07-B706-51A082163D61}
	EndGlobalSection
EndGlobal
